
Microsoft Visual Studio Solution File, Format Version 12.00
# Visual Studio Version 17
VisualStudioVersion = 17.14.36705.20 d17.14
MinimumVisualStudioVersion = 10.0.40219.1
Project("{FAE04EC0-301F-11D3-BF4B-00C04F79EFBC}") = "EcommerceusingMCP", "EcommerceusingMCP.csproj", "{CED7D9AA-FB11-4767-9880-EE551F31FED9}"
EndProject
Global
	GlobalSection(SolutionConfigurationPlatforms) = preSolution
		Debug|Any CPU = Debug|Any CPU
		Release|Any CPU = Release|Any CPU
	EndGlobalSection
	GlobalSection(ProjectConfigurationPlatforms) = postSolution
		{CED7D9AA-FB11-4767-9880-EE551F31FED9}.Debug|Any CPU.ActiveCfg = Debug|Any CPU
		{CED7D9AA-FB11-4767-9880-EE551F31FED9}.Debug|Any CPU.Build.0 = Debug|Any CPU
		{CED7D9AA-FB11-4767-9880-EE551F31FED9}.Release|Any CPU.ActiveCfg = Release|Any CPU
		{CED7D9AA-FB11-4767-9880-EE551F31FED9}.Release|Any CPU.Build.0 = Release|Any CPU
	EndGlobalSection
	GlobalSection(SolutionProperties) = preSolution
		HideSolutionNode = FALSE
	EndGlobalSection
	GlobalSection(ExtensibilityGlobals) = postSolution
		SolutionGuid = {612926BA-8FA5-411D-ADE5-34D70348CC50}
	EndGlobalSection
EndGlobal
